
Microsoft Visual Studio Solution File, Format Version 12.00
# Visual Studio Version 17
VisualStudioVersion = 17.8.34330.188
MinimumVisualStudioVersion = 10.0.40219.1
Project("{8BC9CEB8-8B4A-11D0-8D11-00A0C91BC942}") = "Bus Capacity Compliance Monitor", "Bus Capacity Compliance Monitor\Bus Capacity Compliance Monitor.vcxproj", "{C1152220-44F5-41C3-93BC-5AAF6F1F86A6}"
EndProject
Global
	GlobalSection(SolutionConfigurationPlatforms) = preSolution
		Debug|x64 = Debug|x64
		Debug|x86 = Debug|x86
		Release|x64 = Release|x64
		Release|x86 = Release|x86
	EndGlobalSection
	GlobalSection(ProjectConfigurationPlatforms) = postSolution
		{C1152220-44F5-41C3-93BC-5AAF6F1F86A6}.Debug|x64.ActiveCfg = Debug|x64
		{C1152220-44F5-41C3-93BC-5AAF6F1F86A6}.Debug|x64.Build.0 = Debug|x64
		{C1152220-44F5-41C3-93BC-5AAF6F1F86A6}.Debug|x86.ActiveCfg = Debug|Win32
		{C1152220-44F5-41C3-93BC-5AAF6F1F86A6}.Debug|x86.Build.0 = Debug|Win32
		{C1152220-44F5-41C3-93BC-5AAF6F1F86A6}.Release|x64.ActiveCfg = Release|x64
		{C1152220-44F5-41C3-93BC-5AAF6F1F86A6}.Release|x64.Build.0 = Release|x64
		{C1152220-44F5-41C3-93BC-5AAF6F1F86A6}.Release|x86.ActiveCfg = Release|Win32
		{C1152220-44F5-41C3-93BC-5AAF6F1F86A6}.Release|x86.Build.0 = Release|Win32
	EndGlobalSection
	GlobalSection(SolutionProperties) = preSolution
		HideSolutionNode = FALSE
	EndGlobalSection
	GlobalSection(ExtensibilityGlobals) = postSolution
		SolutionGuid = {DEC47E45-F600-45B4-AB2E-2B655E758143}
	EndGlobalSection
EndGlobal
